github.com/tabnas/json/go v0.5.3-0.20260817221522-e61079adafb2 h1:Whb7Gb4yDY4+ghgPbq6ob8hMLmU0epR/qHP+3znKqwg=
github.com/tabnas/json/go v0.5.3-0.20260817221522-e61079adafb2/go.mod h1:9OfNiTt6Dkjo4pUmCFY+pxs/SuaIXZwwLnmVJJQ9Lp8=
github.com/tabnas/parser/go v0.8.2 h1:WuM0U7HO/6zhezaF+6anmbIlb6YCPM3CLldsWA8lezQ=
github.com/tabnas/parser/go v0.8.2/go.mod h1:WrlfEVyZ1QjEIowWiyEu3K1iHj7wxuPut5zoH9Trehk=
github.com/tabnas/support/go v0.3.0 h1:j2GcGgOKyjYI3xNIUXxSTHtQ2GsGCWmY+WGL30NXxB8=
github.com/tabnas/support/go v0.3.0/go.mod h1:q+EGPO8fRFQAYDwRHFH4lafD5l5W/NCdY8vhN9IJOkY=
